// !$*UTF8*$!
{
	archiveVersion = 1;
	classes = {
	};
	objectVersion = 50;
	objects = {

/* Begin PBXBuildFile section */
		4263163721063CDB00D45BC8 /* AppDelegate.swift in Sources */ = {isa = PBXBuildFile; fileRef = 4263163621063CDB00D45BC8 /* AppDelegate.swift */; };
		4263163921063CDB00D45BC8 /* ViewController.swift in Sources */ = {isa = PBXBuildFile; fileRef = 4263163821063CDB00D45BC8 /* ViewController.swift */; };
		4263163C21063CDB00D45BC8 /* Main.storyboard in Resources */ = {isa = PBXBuildFile; fileRef = 4263163A21063CDB00D45BC8 /* Main.storyboard */; };
		4263163F21063CDB00D45BC8 /* CheatSheet.xcdatamodeld in Sources */ = {isa = PBXBuildFile; fileRef = 4263163D21063CDB00D45BC8 /* CheatSheet.xcdatamodeld */; };
		4263164121063CDD00D45BC8 /* Assets.xcassets in Resources */ = {isa = PBXBuildFile; fileRef = 4263164021063CDD00D45BC8 /* Assets.xcassets */; };
		4263164421063CDD00D45BC8 /* LaunchScreen.storyboard in Resources */ = {isa = PBXBuildFile; fileRef = 4263164221063CDD00D45BC8 /* LaunchScreen.storyboard */; };
/* End PBXBuildFile section */

/* Begin PBXFileReference section */
		4263163321063CDA00D45BC8 /* CheatSheet.app */ = {isa = PBXFileReference; explicitFileType = wrapper.application; includeInIndex = 0; path = CheatSheet.app; sourceTree = BUILT_PRODUCTS_DIR; };
		4263163621063CDB00D45BC8 /* AppDelegate.swift */ = {isa = PBXFileReference; lastKnownFileType = sourcecode.swift; path = AppDelegate.swift; sourceTree = "<group>"; };
		4263163821063CDB00D45BC8 /* ViewController.swift */ = {isa = PBXFileReference; lastKnownFileType = sourcecode.swift; path = ViewController.swift; sourceTree = "<group>"; };
		4263163B21063CDB00D45BC8 /* Base */ = {isa = PBXFileReference; lastKnownFileType = file.storyboard; name = Base; path = Base.lproj/Main.storyboard; sourceTree = "<group>"; };
		4263163E21063CDB00D45BC8 /* CheatSheet.xcdatamodel */ = {isa = PBXFileReference; lastKnownFileType = wrapper.xcdatamodel; path = CheatSheet.xcdatamodel; sourceTree = "<group>"; };
		4263164021063CDD00D45BC8 /* Assets.xcassets */ = {isa = PBXFileReference; lastKnownFileType = folder.assetcatalog; path = Assets.xcassets; sourceTree = "<group>"; };
		4263164321063CDD00D45BC8 /* Base */ = {isa = PBXFileReference; lastKnownFileType = file.storyboard; name = Base; path = Base.lproj/LaunchScreen.storyboard; sourceTree = "<group>"; };
		4263164521063CDD00D45BC8 /* Info.plist */ = {isa = PBXFileReference; lastKnownFileType = text.plist.xml; path = Info.plist; sourceTree = "<group>"; };
/* End PBXFileReference section */

/* Begin PBXFrameworksBuildPhase section */
		4263163021063CDA00D45BC8 /* Frameworks */ = {
			isa = PBXFrameworksBuildPhase;
			buildActionMask = 2147483647;
			files = (
			);
			runOnlyForDeploymentPostprocessing = 0;
		};
/* End PBXFrameworksBuildPhase section */

/* Begin PBXGroup section */
		4263162A21063CDA00D45BC8 = {
			isa = PBXGroup;
			children = (
				4263163521063CDA00D45BC8 /* CheatSheet */,
				4263163421063CDA00D45BC8 /* Products */,
			);
			sourceTree = "<group>";
		};
		4263163421063CDA00D45BC8 /* Products */ = {
			isa = PBXGroup;
			children = (
				4263163321063CDA00D45BC8 /* CheatSheet.app */,
			);
			name = Products;
			sourceTree = "<group>";
		};
		4263163521063CDA00D45BC8 /* CheatSheet */ = {
			isa = PBXGroup;
			children = (
				4263163621063CDB00D45BC8 /* AppDelegate.swift */,
				4263163821063CDB00D45BC8 /* ViewController.swift */,
				4263163A21063CDB00D45BC8 /* Main.storyboard */,
				4263164021063CDD00D45BC8 /* Assets.xcassets */,
				4263164221063CDD00D45BC8 /* LaunchScreen.storyboard */,
				4263164521063CDD00D45BC8 /* Info.plist */,
				4263163D21063CDB00D45BC8 /* CheatSheet.xcdatamodeld */,
			);
			path = CheatSheet;
			sourceTree = "<group>";
		};
/* End PBXGroup section */

/* Begin PBXNativeTarget section */
		4263163221063CDA00D45BC8 /* CheatSheet */ = {
			isa = PBXNativeTarget;
			buildConfigurationList = 4263164821063CDD00D45BC8 /* Build configuration list for PBXNativeTarget "CheatSheet" */;
			buildPhases = (
				4263162F21063CDA00D45BC8 /* Sources */,
				4263163021063CDA00D45BC8 /* Frameworks */,
				4263163121063CDA00D45BC8 /* Resources */,
			);
			buildRules = (
			);
			dependencies = (
			);
			name = CheatSheet;
			productName = CheatSheet;
			productReference = 4263163321063CDA00D45BC8 /* CheatSheet.app */;
			productType = "com.apple.product-type.application";
		};
/* End PBXNativeTarget section */

/* Begin PBXProject section */
		4263162B21063CDA00D45BC8 /* Project object */ = {
			isa = PBXProject;
			attributes = {
				LastSwiftUpdateCheck = 0940;
				LastUpgradeCheck = 0940;
				ORGANIZATIONNAME = "Ekow Buadu";
				TargetAttributes = {
					4263163221063CDA00D45BC8 = {
						CreatedOnToolsVersion = 9.4.1;
					};
				};
			};
			buildConfigurationList = 4263162E21063CDA00D45BC8 /* Build configuration list for PBXProject "CheatSheet" */;
			compatibilityVersion = "Xcode 9.3";
			developmentRegion = en;
			hasScannedForEncodings = 0;
			knownRegions = (
				en,
				Base,
			);
			mainGroup = 4263162A21063CDA00D45BC8;
			productRefGroup = 4263163421063CDA00D45BC8 /* Products */;
			projectDirPath = "";
			projectRoot = "";
			targets = (
				4263163221063CDA00D45BC8 /* CheatSheet */,
			);
		};
/* End PBXProject section */

/* Begin PBXResourcesBuildPhase section */
		4263163121063CDA00D45BC8 /* Resources */ = {
			isa = PBXResourcesBuildPhase;
			buildActionMask = 2147483647;
			files = (
				4263164421063CDD00D45BC8 /* LaunchScreen.storyboard in Resources */,
				4263164121063CDD00D45BC8 /* Assets.xcassets in Resources */,
				4263163C21063CDB00D45BC8 /* Main.storyboard in Resources */,
			);
			runOnlyForDeploymentPostprocessing = 0;
		};
/* End PBXResourcesBuildPhase section */

/* Begin PBXSourcesBuildPhase section */
		4263162F21063CDA00D45BC8 /* Sources */ = {
			isa = PBXSourcesBuildPhase;
			buildActionMask = 2147483647;
			files = (
				4263163921063CDB00D45BC8 /* ViewController.swift in Sources */,
				4263163721063CDB00D45BC8 /* AppDelegate.swift in Sources */,
				4263163F21063CDB00D45BC8 /* CheatSheet.xcdatamodeld in Sources */,
			);
			runOnlyForDeploymentPostprocessing = 0;
		};
/* End PBXSourcesBuildPhase section */

/* Begin PBXVariantGroup section */
		4263163A21063CDB00D45BC8 /* Main.storyboard */ = {
			isa = PBXVariantGroup;
			children = (
				4263163B21063CDB00D45BC8 /* Base */,
			);
			name = Main.storyboard;
			sourceTree = "<group>";
		};
		4263164221063CDD00D45BC8 /* LaunchScreen.storyboard */ = {
			isa = PBXVariantGroup;
			children = (
				4263164321063CDD00D45BC8 /* Base */,
			);
			name = LaunchScreen.storyboard;
			sourceTree = "<group>";
		};
/* End PBXVariantGroup section */

/* Begin XCBuildConfiguration section */
		4263164621063CDD00D45BC8 /* Debug */ = {
			isa = XCBuildConfiguration;
			buildSettings = {
				ALWAYS_SEARCH_USER_PATHS = NO;
				CLANG_ANALYZER_NONNULL = YES;
				CLANG_ANALYZER_NUMBER_OBJECT_CONVERSION = YES_AGGRESSIVE;
				CLANG_CXX_LANGUAGE_STANDARD = "gnu++14";
				CLANG_CXX_LIBRARY = "libc++";
				CLANG_ENABLE_MODULES = YES;
				CLANG_ENABLE_OBJC_ARC = YES;
				CLANG_ENABLE_OBJC_WEAK = YES;
				CLANG_WARN_BLOCK_CAPTURE_AUTORELEASING = YES;
				CLANG_WARN_BOOL_CONVERSION = YES;
				CLANG_WARN_COMMA = YES;
				CLANG_WARN_CONSTANT_CONVERSION = YES;
				CLANG_WARN_DEPRECATED_OBJC_IMPLEMENTATIONS = YES;
				CLANG_WARN_DIRECT_OBJC_ISA_USAGE = YES_ERROR;
				CLANG_WARN_DOCUMENTATION_COMMENTS = YES;
				CLANG_WARN_EMPTY_BODY = YES;
				CLANG_WARN_ENUM_CONVERSION = YES;
				CLANG_WARN_INFINITE_RECURSION = YES;
				CLANG_WARN_INT_CONVERSION = YES;
				CLANG_WARN_NON_LITERAL_NULL_CONVERSION = YES;
				CLANG_WARN_OBJC_IMPLICIT_RETAIN_SELF = YES;
				CLANG_WARN_OBJC_LITERAL_CONVERSION = YES;
				CLANG_WARN_OBJC_ROOT_CLASS = YES_ERROR;
				CLANG_WARN_RANGE_LOOP_ANALYSIS = YES;
				CLANG_WARN_STRICT_PROTOTYPES = YES;
				CLANG_WARN_SUSPICIOUS_MOVE = YES;
				CLANG_WARN_UNGUARDED_AVAILABILITY = YES_AGGRESSIVE;
				CLANG_WARN_UNREACHABLE_CODE = YES;
				CLANG_WARN__DUPLICATE_METHOD_MATCH = YES;
				CODE_SIGN_IDENTITY = "iPhone Developer";
				COPY_PHASE_STRIP = NO;
				DEBUG_INFORMATION_FORMAT = dwarf;
				ENABLE_STRICT_OBJC_MSGSEND = YES;
				ENABLE_TESTABILITY = YES;
				GCC_C_LANGUAGE_STANDARD = gnu11;
				GCC_DYNAMIC_NO_PIC = NO;
				GCC_NO_COMMON_BLOCKS = YES;
				GCC_OPTIMIZATION_LEVEL = 0;
				GCC_PREPROCESSOR_DEFINITIONS = (
					"DEBUG=1",
					"$(inherited)",
				);
				GCC_WARN_64_TO_32_BIT_CONVERSION = YES;
				GCC_WARN_ABOUT_RETURN_TYPE = YES_ERROR;
				GCC_WARN_UNDECLARED_SELECTOR = YES;
				GCC_WARN_UNINITIALIZED_AUTOS = YES_AGGRESSIVE;
				GCC_WARN_UNUSED_FUNCTION = YES;
				GCC_WARN_UNUSED_VARIABLE = YES;
				IPHONEOS_DEPLOYMENT_TARGET = 11.4;
				MTL_ENABLE_DEBUG_INFO = YES;
				ONLY_ACTIVE_ARCH = YES;
				SDKROOT = iphoneos;
				SWIFT_ACTIVE_COMPILATION_CONDITIONS = DEBUG;
				SWIFT_OPTIMIZATION_LEVEL = "-Onone";
			};
			name = Debug;
		};
		4263164721063CDD00D45BC8 /* Release */ = {
			isa = XCBuildConfiguration;
			buildSettings = {
				ALWAYS_SEARCH_USER_PATHS = NO;
				CLANG_ANALYZER_NONNULL = YES;
				CLANG_ANALYZER_NUMBER_OBJECT_CONVERSION = YES_AGGRESSIVE;
				CLANG_CXX_LANGUAGE_STANDARD = "gnu++14";
				CLANG_CXX_LIBRARY = "libc++";
				CLANG_ENABLE_MODULES = YES;
				CLANG_ENABLE_OBJC_ARC = YES;
				CLANG_ENABLE_OBJC_WEAK = YES;
				CLANG_WARN_BLOCK_CAPTURE_AUTORELEASING = YES;
				CLANG_WARN_BOOL_CONVERSION = YES;
				CLANG_WARN_COMMA = YES;
				CLANG_WARN_CONSTANT_CONVERSION = YES;
				CLANG_WARN_DEPRECATED_OBJC_IMPLEMENTATIONS = YES;
				CLANG_WARN_DIRECT_OBJC_ISA_USAGE = YES_ERROR;
				CLANG_WARN_DOCUMENTATION_COMMENTS = YES;
				CLANG_WARN_EMPTY_BODY = YES;
				CLANG_WARN_ENUM_CONVERSION = YES;
				CLANG_WARN_INFINITE_RECURSION = YES;
				CLANG_WARN_INT_CONVERSION = YES;
				CLANG_WARN_NON_LITERAL_NULL_CONVERSION = YES;
				CLANG_WARN_OBJC_IMPLICIT_RETAIN_SELF = YES;
				CLANG_WARN_OBJC_LITERAL_CONVERSION = YES;
				CLANG_WARN_OBJC_ROOT_CLASS = YES_ERROR;
				CLANG_WARN_RANGE_LOOP_ANALYSIS = YES;
				CLANG_WARN_STRICT_PROTOTYPES = YES;
				CLANG_WARN_SUSPICIOUS_MOVE = YES;
				CLANG_WARN_UNGUARDED_AVAILABILITY = YES_AGGRESSIVE;
				CLANG_WARN_UNREACHABLE_CODE = YES;
				CLANG_WARN__DUPLICATE_METHOD_MATCH = YES;
				CODE_SIGN_IDENTITY = "iPhone Developer";
				COPY_PHASE_STRIP = NO;
				DEBUG_INFORMATION_FORMAT = "dwarf-with-dsym";
				ENABLE_NS_ASSERTIONS = NO;
				ENABLE_STRICT_OBJC_MSGSEND = YES;
				GCC_C_LANGUAGE_STANDARD = gnu11;
				GCC_NO_COMMON_BLOCKS = YES;
				GCC_WARN_64_TO_32_BIT_CONVERSION = YES;
				GCC_WARN_ABOUT_RETURN_TYPE = YES_ERROR;
				GCC_WARN_UNDECLARED_SELECTOR = YES;
				GCC_WARN_UNINITIALIZED_AUTOS = YES_AGGRESSIVE;
				GCC_WARN_UNUSED_FUNCTION = YES;
				GCC_WARN_UNUSED_VARIABLE = YES;
				IPHONEOS_DEPLOYMENT_TARGET = 11.4;
				MTL_ENABLE_DEBUG_INFO = NO;
				SDKROOT = iphoneos;
				SWIFT_COMPILATION_MODE = wholemodule;
				SWIFT_OPTIMIZATION_LEVEL = "-O";
				VALIDATE_PRODUCT = YES;
			};
			name = Release;
		};
		4263164921063CDD00D45BC8 /* Debug */ = {
			isa = XCBuildConfiguration;
			buildSettings = {
				ASSETCATALOG_COMPILER_APPICON_NAME = AppIcon;
				CODE_SIGN_STYLE = Automatic;
				DEVELOPMENT_TEAM = 488H34C2L3;
				INFOPLIST_FILE = CheatSheet/Info.plist;
				LD_RUNPATH_SEARCH_PATHS = (
					"$(inherited)",
					"@executable_path/Frameworks",
				);
				PRODUCT_BUNDLE_IDENTIFIER = com.ekowbuadu.CheatSheet;
				PRODUCT_NAME = "$(TARGET_NAME)";
				SWIFT_VERSION = 4.0;
				TARGETED_DEVICE_FAMILY = "1,2";
			};
			name = Debug;
		};
		4263164A21063CDD00D45BC8 /* Release */ = {
			isa = XCBuildConfiguration;
			buildSettings = {
				ASSETCATALOG_COMPILER_APPICON_NAME = AppIcon;
				CODE_SIGN_STYLE = Automatic;
				DEVELOPMENT_TEAM = 488H34C2L3;
				INFOPLIST_FILE = CheatSheet/Info.plist;
				LD_RUNPATH_SEARCH_PATHS = (
					"$(inherited)",
					"@executable_path/Frameworks",
				);
				PRODUCT_BUNDLE_IDENTIFIER = com.ekowbuadu.CheatSheet;
				PRODUCT_NAME = "$(TARGET_NAME)";
				SWIFT_VERSION = 4.0;
				TARGETED_DEVICE_FAMILY = "1,2";
			};
			name = Release;
		};
/* End XCBuildConfiguration section */

/* Begin XCConfigurationList section */
		4263162E21063CDA00D45BC8 /* Build configuration list for PBXProject "CheatSheet" */ = {
			isa = XCConfigurationList;
			buildConfigurations = (
				4263164621063CDD00D45BC8 /* Debug */,
				4263164721063CDD00D45BC8 /* Release */,
			);
			defaultConfigurationIsVisible = 0;
			defaultConfigurationName = Release;
		};
		4263164821063CDD00D45BC8 /* Build configuration list for PBXNativeTarget "CheatSheet" */ = {
			isa = XCConfigurationList;
			buildConfigurations = (
				4263164921063CDD00D45BC8 /* Debug */,
				4263164A21063CDD00D45BC8 /* Release */,
			);
			defaultConfigurationIsVisible = 0;
			defaultConfigurationName = Release;
		};
/* End XCConfigurationList section */

/* Begin XCVersionGroup section */
		4263163D21063CDB00D45BC8 /* CheatSheet.xcdatamodeld */ = {
			isa = XCVersionGroup;
			children = (
				4263163E21063CDB00D45BC8 /* CheatSheet.xcdatamodel */,
			);
			currentVersion = 4263163E21063CDB00D45BC8 /* CheatSheet.xcdatamodel */;
			path = CheatSheet.xcdatamodeld;
			sourceTree = "<group>";
			versionGroupType = wrapper.xcdatamodel;
		};
/* End XCVersionGroup section */
	};
	rootObject = 4263162B21063CDA00D45BC8 /* Project object */;
}
