// !$*UTF8*$!
{
	archiveVersion = 1;
	classes = {
	};
	objectVersion = 50;
	objects = {

/* Begin PBXBuildFile section */
		194D680EEC592E3EDA219017 /* Pods_CheatSheet.framework in Frameworks */ = {isa = PBXBuildFile; fileRef = 77263CF8ADB61ADC9B79AE64 /* Pods_CheatSheet.framework */; };
		420FA1BD2113B53C008B3901 /* BigDisplayViewController.swift in Sources */ = {isa = PBXBuildFile; fileRef = 420FA1BC2113B53C008B3901 /* BigDisplayViewController.swift */; };
		4263163721063CDB00D45BC8 /* AppDelegate.swift in Sources */ = {isa = PBXBuildFile; fileRef = 4263163621063CDB00D45BC8 /* AppDelegate.swift */; };
		4263163C21063CDB00D45BC8 /* UIOpen.storyboard in Resources */ = {isa = PBXBuildFile; fileRef = 4263163A21063CDB00D45BC8 /* UIOpen.storyboard */; };
		4263163F21063CDB00D45BC8 /* CheatSheet.xcdatamodeld in Sources */ = {isa = PBXBuildFile; fileRef = 4263163D21063CDB00D45BC8 /* CheatSheet.xcdatamodeld */; };
		4263164121063CDD00D45BC8 /* Assets.xcassets in Resources */ = {isa = PBXBuildFile; fileRef = 4263164021063CDD00D45BC8 /* Assets.xcassets */; };
		4263164421063CDD00D45BC8 /* LaunchScreen.storyboard in Resources */ = {isa = PBXBuildFile; fileRef = 4263164221063CDD00D45BC8 /* LaunchScreen.storyboard */; };
		4263164C2106426200D45BC8 /* GoogleService-Info.plist in Resources */ = {isa = PBXBuildFile; fileRef = 4263164B2106426200D45BC8 /* GoogleService-Info.plist */; };
		42890F862107E259009CDE3F /* ListGroupsTableViewController.swift in Sources */ = {isa = PBXBuildFile; fileRef = 42890F852107E259009CDE3F /* ListGroupsTableViewController.swift */; };
		42890F882107EE16009CDE3F /* ListGroupsTableViewCell.swift in Sources */ = {isa = PBXBuildFile; fileRef = 42890F872107EE16009CDE3F /* ListGroupsTableViewCell.swift */; };
		42890F8A210A515A009CDE3F /* DisplayGroupViewController.swift in Sources */ = {isa = PBXBuildFile; fileRef = 42890F89210A515A009CDE3F /* DisplayGroupViewController.swift */; };
		42890F8C210A546E009CDE3F /* DisplayGroupTableViewCell.swift in Sources */ = {isa = PBXBuildFile; fileRef = 42890F8B210A546E009CDE3F /* DisplayGroupTableViewCell.swift */; };
		42B47D502110FBAF00F05048 /* Main.storyboard in Resources */ = {isa = PBXBuildFile; fileRef = 42B47D4F2110FBAF00F05048 /* Main.storyboard */; };
		42B47D5221111BAC00F05048 /* TaskListTableViewController.swift in Sources */ = {isa = PBXBuildFile; fileRef = 42B47D5121111BAC00F05048 /* TaskListTableViewController.swift */; };
		42B47D5421111CEC00F05048 /* ToDo.swift in Sources */ = {isa = PBXBuildFile; fileRef = 42B47D5321111CEC00F05048 /* ToDo.swift */; };
		42B47D5721112C4700F05048 /* AddToDoViewController.swift in Sources */ = {isa = PBXBuildFile; fileRef = 42B47D5621112C4700F05048 /* AddToDoViewController.swift */; };
		42B8008C210C50DC00FB0C7D /* DIsplayTaskViewController.swift in Sources */ = {isa = PBXBuildFile; fileRef = 42B8008B210C50DC00FB0C7D /* DIsplayTaskViewController.swift */; };
		42B8008E210FB24800FB0C7D /* DisplayTaskTableViewCell.swift in Sources */ = {isa = PBXBuildFile; fileRef = 42B8008D210FB24800FB0C7D /* DisplayTaskTableViewCell.swift */; };
		42BEF8282118FD2D00D9C7B5 /* BigCollectionViewCell.swift in Sources */ = {isa = PBXBuildFile; fileRef = 42BEF8272118FD2D00D9C7B5 /* BigCollectionViewCell.swift */; };
		42C146F3210A7D7100CBBF5E /* Groups.swift in Sources */ = {isa = PBXBuildFile; fileRef = 42C146F2210A7D7100CBBF5E /* Groups.swift */; };
		42C95BCA2112266C00B6E36B /* CompleteTaskViewController.swift in Sources */ = {isa = PBXBuildFile; fileRef = 42C95BC92112266C00B6E36B /* CompleteTaskViewController.swift */; };
/* End PBXBuildFile section */

/* Begin PBXFileReference section */
		413F0064F613C9A06F64F3EE /* Pods-CheatSheet.debug.xcconfig */ = {isa = PBXFileReference; includeInIndex = 1; lastKnownFileType = text.xcconfig; name = "Pods-CheatSheet.debug.xcconfig"; path = "Pods/Target Support Files/Pods-CheatSheet/Pods-CheatSheet.debug.xcconfig"; sourceTree = "<group>"; };
		420FA1BC2113B53C008B3901 /* BigDisplayViewController.swift */ = {isa = PBXFileReference; lastKnownFileType = sourcecode.swift; path = BigDisplayViewController.swift; sourceTree = "<group>"; };
		4263163321063CDA00D45BC8 /* CheatSheet.app */ = {isa = PBXFileReference; explicitFileType = wrapper.application; includeInIndex = 0; path = CheatSheet.app; sourceTree = BUILT_PRODUCTS_DIR; };
		4263163621063CDB00D45BC8 /* AppDelegate.swift */ = {isa = PBXFileReference; lastKnownFileType = sourcecode.swift; path = AppDelegate.swift; sourceTree = "<group>"; };
		4263163B21063CDB00D45BC8 /* Base */ = {isa = PBXFileReference; lastKnownFileType = file.storyboard; name = Base; path = Base.lproj/UIOpen.storyboard; sourceTree = "<group>"; };
		4263163E21063CDB00D45BC8 /* CheatSheet.xcdatamodel */ = {isa = PBXFileReference; lastKnownFileType = wrapper.xcdatamodel; path = CheatSheet.xcdatamodel; sourceTree = "<group>"; };
		4263164021063CDD00D45BC8 /* Assets.xcassets */ = {isa = PBXFileReference; lastKnownFileType = folder.assetcatalog; path = Assets.xcassets; sourceTree = "<group>"; };
		4263164321063CDD00D45BC8 /* Base */ = {isa = PBXFileReference; lastKnownFileType = file.storyboard; name = Base; path = Base.lproj/LaunchScreen.storyboard; sourceTree = "<group>"; };
		4263164521063CDD00D45BC8 /* Info.plist */ = {isa = PBXFileReference; lastKnownFileType = text.plist.xml; path = Info.plist; sourceTree = "<group>"; };
		4263164B2106426200D45BC8 /* GoogleService-Info.plist */ = {isa = PBXFileReference; fileEncoding = 4; lastKnownFileType = text.plist.xml; path = "GoogleService-Info.plist"; sourceTree = "<group>"; };
		42890F852107E259009CDE3F /* ListGroupsTableViewController.swift */ = {isa = PBXFileReference; lastKnownFileType = sourcecode.swift; path = ListGroupsTableViewController.swift; sourceTree = "<group>"; };
		42890F872107EE16009CDE3F /* ListGroupsTableViewCell.swift */ = {isa = PBXFileReference; lastKnownFileType = sourcecode.swift; path = ListGroupsTableViewCell.swift; sourceTree = "<group>"; };
		42890F89210A515A009CDE3F /* DisplayGroupViewController.swift */ = {isa = PBXFileReference; lastKnownFileType = sourcecode.swift; path = DisplayGroupViewController.swift; sourceTree = "<group>"; };
		42890F8B210A546E009CDE3F /* DisplayGroupTableViewCell.swift */ = {isa = PBXFileReference; lastKnownFileType = sourcecode.swift; path = DisplayGroupTableViewCell.swift; sourceTree = "<group>"; };
		42B47D4F2110FBAF00F05048 /* Main.storyboard */ = {isa = PBXFileReference; lastKnownFileType = file.storyboard; path = Main.storyboard; sourceTree = "<group>"; };
		42B47D5121111BAC00F05048 /* TaskListTableViewController.swift */ = {isa = PBXFileReference; lastKnownFileType = sourcecode.swift; path = TaskListTableViewController.swift; sourceTree = "<group>"; };
		42B47D5321111CEC00F05048 /* ToDo.swift */ = {isa = PBXFileReference; lastKnownFileType = sourcecode.swift; path = ToDo.swift; sourceTree = "<group>"; };
		42B47D5621112C4700F05048 /* AddToDoViewController.swift */ = {isa = PBXFileReference; lastKnownFileType = sourcecode.swift; path = AddToDoViewController.swift; sourceTree = "<group>"; };
		42B8008B210C50DC00FB0C7D /* DIsplayTaskViewController.swift */ = {isa = PBXFileReference; lastKnownFileType = sourcecode.swift; path = DIsplayTaskViewController.swift; sourceTree = "<group>"; };
		42B8008D210FB24800FB0C7D /* DisplayTaskTableViewCell.swift */ = {isa = PBXFileReference; lastKnownFileType = sourcecode.swift; path = DisplayTaskTableViewCell.swift; sourceTree = "<group>"; };
		42BEF8272118FD2D00D9C7B5 /* BigCollectionViewCell.swift */ = {isa = PBXFileReference; lastKnownFileType = sourcecode.swift; path = BigCollectionViewCell.swift; sourceTree = "<group>"; };
		42C146F2210A7D7100CBBF5E /* Groups.swift */ = {isa = PBXFileReference; lastKnownFileType = sourcecode.swift; path = Groups.swift; sourceTree = "<group>"; };
		42C95BC92112266C00B6E36B /* CompleteTaskViewController.swift */ = {isa = PBXFileReference; lastKnownFileType = sourcecode.swift; path = CompleteTaskViewController.swift; sourceTree = "<group>"; };
		516E9ED2309B986CD5B0FC58 /* Pods-CheatSheet.release.xcconfig */ = {isa = PBXFileReference; includeInIndex = 1; lastKnownFileType = text.xcconfig; name = "Pods-CheatSheet.release.xcconfig"; path = "Pods/Target Support Files/Pods-CheatSheet/Pods-CheatSheet.release.xcconfig"; sourceTree = "<group>"; };
		77263CF8ADB61ADC9B79AE64 /* Pods_CheatSheet.framework */ = {isa = PBXFileReference; explicitFileType = wrapper.framework; includeInIndex = 0; path = Pods_CheatSheet.framework; sourceTree = BUILT_PRODUCTS_DIR; };
/* End PBXFileReference section */

/* Begin PBXFrameworksBuildPhase section */
		4263163021063CDA00D45BC8 /* Frameworks */ = {
			isa = PBXFrameworksBuildPhase;
			buildActionMask = 2147483647;
			files = (
				194D680EEC592E3EDA219017 /* Pods_CheatSheet.framework in Frameworks */,
			);
			runOnlyForDeploymentPostprocessing = 0;
		};
/* End PBXFrameworksBuildPhase section */

/* Begin PBXGroup section */
		3A17933F8D29585C00042A13 /* Pods */ = {
			isa = PBXGroup;
			children = (
				413F0064F613C9A06F64F3EE /* Pods-CheatSheet.debug.xcconfig */,
				516E9ED2309B986CD5B0FC58 /* Pods-CheatSheet.release.xcconfig */,
			);
			name = Pods;
			sourceTree = "<group>";
		};
		4263162A21063CDA00D45BC8 = {
			isa = PBXGroup;
			children = (
				4263163521063CDA00D45BC8 /* CheatSheet */,
				4263163421063CDA00D45BC8 /* Products */,
				3A17933F8D29585C00042A13 /* Pods */,
				5EAF27FAD4632B29AFA25939 /* Frameworks */,
			);
			sourceTree = "<group>";
		};
		4263163421063CDA00D45BC8 /* Products */ = {
			isa = PBXGroup;
			children = (
				4263163321063CDA00D45BC8 /* CheatSheet.app */,
			);
			name = Products;
			sourceTree = "<group>";
		};
		4263163521063CDA00D45BC8 /* CheatSheet */ = {
			isa = PBXGroup;
			children = (
				4263163621063CDB00D45BC8 /* AppDelegate.swift */,
				42631650210642B300D45BC8 /* Helpers */,
				42631652210642BE00D45BC8 /* Controllers */,
				42631651210642B900D45BC8 /* Models */,
				42631654210642D600D45BC8 /* Views */,
				42631653210642C900D45BC8 /* Supporting */,
				4263164F210642AB00D45BC8 /* Services */,
				4263164E210642A400D45BC8 /* Storyboards */,
				4263164D2106429E00D45BC8 /* Extensions */,
				4263164021063CDD00D45BC8 /* Assets.xcassets */,
				4263163D21063CDB00D45BC8 /* CheatSheet.xcdatamodeld */,
			);
			path = CheatSheet;
			sourceTree = "<group>";
		};
		4263164D2106429E00D45BC8 /* Extensions */ = {
			isa = PBXGroup;
			children = (
				42890F89210A515A009CDE3F /* DisplayGroupViewController.swift */,
				42B8008B210C50DC00FB0C7D /* DIsplayTaskViewController.swift */,
			);
			path = Extensions;
			sourceTree = "<group>";
		};
		4263164E210642A400D45BC8 /* Storyboards */ = {
			isa = PBXGroup;
			children = (
				4263163A21063CDB00D45BC8 /* UIOpen.storyboard */,
				4263164221063CDD00D45BC8 /* LaunchScreen.storyboard */,
				42B47D4F2110FBAF00F05048 /* Main.storyboard */,
			);
			path = Storyboards;
			sourceTree = "<group>";
		};
		4263164F210642AB00D45BC8 /* Services */ = {
			isa = PBXGroup;
			children = (
			);
			path = Services;
			sourceTree = "<group>";
		};
		42631650210642B300D45BC8 /* Helpers */ = {
			isa = PBXGroup;
			children = (
			);
			path = Helpers;
			sourceTree = "<group>";
		};
		42631651210642B900D45BC8 /* Models */ = {
			isa = PBXGroup;
			children = (
				42C146F2210A7D7100CBBF5E /* Groups.swift */,
				42B47D5321111CEC00F05048 /* ToDo.swift */,
			);
			path = Models;
			sourceTree = "<group>";
		};
		42631652210642BE00D45BC8 /* Controllers */ = {
			isa = PBXGroup;
			children = (
				42B47D5121111BAC00F05048 /* TaskListTableViewController.swift */,
				42B47D5621112C4700F05048 /* AddToDoViewController.swift */,
				42890F852107E259009CDE3F /* ListGroupsTableViewController.swift */,
				42C95BC92112266C00B6E36B /* CompleteTaskViewController.swift */,
				420FA1BC2113B53C008B3901 /* BigDisplayViewController.swift */,
			);
			path = Controllers;
			sourceTree = "<group>";
		};
		42631653210642C900D45BC8 /* Supporting */ = {
			isa = PBXGroup;
			children = (
				4263164B2106426200D45BC8 /* GoogleService-Info.plist */,
				4263164521063CDD00D45BC8 /* Info.plist */,
			);
			path = Supporting;
			sourceTree = "<group>";
		};
		42631654210642D600D45BC8 /* Views */ = {
			isa = PBXGroup;
			children = (
				42890F872107EE16009CDE3F /* ListGroupsTableViewCell.swift */,
				42890F8B210A546E009CDE3F /* DisplayGroupTableViewCell.swift */,
				42B8008D210FB24800FB0C7D /* DisplayTaskTableViewCell.swift */,
				42BEF8272118FD2D00D9C7B5 /* BigCollectionViewCell.swift */,
			);
			path = Views;
			sourceTree = "<group>";
		};
		5EAF27FAD4632B29AFA25939 /* Frameworks */ = {
			isa = PBXGroup;
			children = (
				77263CF8ADB61ADC9B79AE64 /* Pods_CheatSheet.framework */,
			);
			name = Frameworks;
			sourceTree = "<group>";
		};
/* End PBXGroup section */

/* Begin PBXNativeTarget section */
		4263163221063CDA00D45BC8 /* CheatSheet */ = {
			isa = PBXNativeTarget;
			buildConfigurationList = 4263164821063CDD00D45BC8 /* Build configuration list for PBXNativeTarget "CheatSheet" */;
			buildPhases = (
				41DF1BA1E72BC5497AB23EFB /* [CP] Check Pods Manifest.lock */,
				4263162F21063CDA00D45BC8 /* Sources */,
				4263163021063CDA00D45BC8 /* Frameworks */,
				4263163121063CDA00D45BC8 /* Resources */,
				F8711B0973BB18B9956778C8 /* [CP] Embed Pods Frameworks */,
				700B2714DFA375AED5238EF4 /* [CP] Copy Pods Resources */,
			);
			buildRules = (
			);
			dependencies = (
			);
			name = CheatSheet;
			productName = CheatSheet;
			productReference = 4263163321063CDA00D45BC8 /* CheatSheet.app */;
			productType = "com.apple.product-type.application";
		};
/* End PBXNativeTarget section */

/* Begin PBXProject section */
		4263162B21063CDA00D45BC8 /* Project object */ = {
			isa = PBXProject;
			attributes = {
				LastSwiftUpdateCheck = 0940;
				LastUpgradeCheck = 0940;
				ORGANIZATIONNAME = "Ekow Buadu";
				TargetAttributes = {
					4263163221063CDA00D45BC8 = {
						CreatedOnToolsVersion = 9.4.1;
					};
				};
			};
			buildConfigurationList = 4263162E21063CDA00D45BC8 /* Build configuration list for PBXProject "CheatSheet" */;
			compatibilityVersion = "Xcode 9.3";
			developmentRegion = en;
			hasScannedForEncodings = 0;
			knownRegions = (
				en,
				Base,
			);
			mainGroup = 4263162A21063CDA00D45BC8;
			productRefGroup = 4263163421063CDA00D45BC8 /* Products */;
			projectDirPath = "";
			projectRoot = "";
			targets = (
				4263163221063CDA00D45BC8 /* CheatSheet */,
			);
		};
/* End PBXProject section */

/* Begin PBXResourcesBuildPhase section */
		4263163121063CDA00D45BC8 /* Resources */ = {
			isa = PBXResourcesBuildPhase;
			buildActionMask = 2147483647;
			files = (
				42B47D502110FBAF00F05048 /* Main.storyboard in Resources */,
				4263164421063CDD00D45BC8 /* LaunchScreen.storyboard in Resources */,
				4263164C2106426200D45BC8 /* GoogleService-Info.plist in Resources */,
				4263164121063CDD00D45BC8 /* Assets.xcassets in Resources */,
				4263163C21063CDB00D45BC8 /* UIOpen.storyboard in Resources */,
			);
			runOnlyForDeploymentPostprocessing = 0;
		};
/* End PBXResourcesBuildPhase section */

/* Begin PBXShellScriptBuildPhase section */
		41DF1BA1E72BC5497AB23EFB /* [CP] Check Pods Manifest.lock */ = {
			isa = PBXShellScriptBuildPhase;
			buildActionMask = 2147483647;
			files = (
			);
			inputPaths = (
				"${PODS_PODFILE_DIR_PATH}/Podfile.lock",
				"${PODS_ROOT}/Manifest.lock",
			);
			name = "[CP] Check Pods Manifest.lock";
			outputPaths = (
				"$(DERIVED_FILE_DIR)/Pods-CheatSheet-checkManifestLockResult.txt",
			);
			runOnlyForDeploymentPostprocessing = 0;
			shellPath = /bin/sh;
			shellScript = "diff \"${PODS_PODFILE_DIR_PATH}/Podfile.lock\" \"${PODS_ROOT}/Manifest.lock\" > /dev/null\nif [ $? != 0 ] ; then\n    # print error to STDERR\n    echo \"error: The sandbox is not in sync with the Podfile.lock. Run 'pod install' or update your CocoaPods installation.\" >&2\n    exit 1\nfi\n# This output is used by Xcode 'outputs' to avoid re-running this script phase.\necho \"SUCCESS\" > \"${SCRIPT_OUTPUT_FILE_0}\"\n";
			showEnvVarsInLog = 0;
		};
		700B2714DFA375AED5238EF4 /* [CP] Copy Pods Resources */ = {
			isa = PBXShellScriptBuildPhase;
			buildActionMask = 2147483647;
			files = (
			);
			inputPaths = (
				"${SRCROOT}/Pods/Target Support Files/Pods-CheatSheet/Pods-CheatSheet-resources.sh",
				"${PODS_CONFIGURATION_BUILD_DIR}/FirebaseUI/FirebaseAuthUI.bundle",
			);
			name = "[CP] Copy Pods Resources";
			outputPaths = (
				"${TARGET_BUILD_DIR}/${UNLOCALIZED_RESOURCES_FOLDER_PATH}/FirebaseAuthUI.bundle",
			);
			runOnlyForDeploymentPostprocessing = 0;
			shellPath = /bin/sh;
			shellScript = "\"${SRCROOT}/Pods/Target Support Files/Pods-CheatSheet/Pods-CheatSheet-resources.sh\"\n";
			showEnvVarsInLog = 0;
		};
		F8711B0973BB18B9956778C8 /* [CP] Embed Pods Frameworks */ = {
			isa = PBXShellScriptBuildPhase;
			buildActionMask = 2147483647;
			files = (
			);
			inputPaths = (
				"${SRCROOT}/Pods/Target Support Files/Pods-CheatSheet/Pods-CheatSheet-frameworks.sh",
				"${BUILT_PRODUCTS_DIR}/Dropdowns/Dropdowns.framework",
				"${BUILT_PRODUCTS_DIR}/GTMSessionFetcher/GTMSessionFetcher.framework",
				"${BUILT_PRODUCTS_DIR}/GoogleToolboxForMac/GoogleToolboxForMac.framework",
				"${BUILT_PRODUCTS_DIR}/leveldb-library/leveldb.framework",
				"${BUILT_PRODUCTS_DIR}/nanopb/nanopb.framework",
			);
			name = "[CP] Embed Pods Frameworks";
			outputPaths = (
				"${TARGET_BUILD_DIR}/${FRAMEWORKS_FOLDER_PATH}/Dropdowns.framework",
				"${TARGET_BUILD_DIR}/${FRAMEWORKS_FOLDER_PATH}/GTMSessionFetcher.framework",
				"${TARGET_BUILD_DIR}/${FRAMEWORKS_FOLDER_PATH}/GoogleToolboxForMac.framework",
				"${TARGET_BUILD_DIR}/${FRAMEWORKS_FOLDER_PATH}/leveldb.framework",
				"${TARGET_BUILD_DIR}/${FRAMEWORKS_FOLDER_PATH}/nanopb.framework",
			);
			runOnlyForDeploymentPostprocessing = 0;
			shellPath = /bin/sh;
			shellScript = "\"${SRCROOT}/Pods/Target Support Files/Pods-CheatSheet/Pods-CheatSheet-frameworks.sh\"\n";
			showEnvVarsInLog = 0;
		};
/* End PBXShellScriptBuildPhase section */

/* Begin PBXSourcesBuildPhase section */
		4263162F21063CDA00D45BC8 /* Sources */ = {
			isa = PBXSourcesBuildPhase;
			buildActionMask = 2147483647;
			files = (
				42890F862107E259009CDE3F /* ListGroupsTableViewController.swift in Sources */,
				42C95BCA2112266C00B6E36B /* CompleteTaskViewController.swift in Sources */,
				42890F8C210A546E009CDE3F /* DisplayGroupTableViewCell.swift in Sources */,
				42B8008E210FB24800FB0C7D /* DisplayTaskTableViewCell.swift in Sources */,
				420FA1BD2113B53C008B3901 /* BigDisplayViewController.swift in Sources */,
				42B47D5421111CEC00F05048 /* ToDo.swift in Sources */,
				42BEF8282118FD2D00D9C7B5 /* BigCollectionViewCell.swift in Sources */,
				4263163721063CDB00D45BC8 /* AppDelegate.swift in Sources */,
				42B47D5221111BAC00F05048 /* TaskListTableViewController.swift in Sources */,
				4263163F21063CDB00D45BC8 /* CheatSheet.xcdatamodeld in Sources */,
				42B47D5721112C4700F05048 /* AddToDoViewController.swift in Sources */,
				42B8008C210C50DC00FB0C7D /* DIsplayTaskViewController.swift in Sources */,
				42890F8A210A515A009CDE3F /* DisplayGroupViewController.swift in Sources */,
				42890F882107EE16009CDE3F /* ListGroupsTableViewCell.swift in Sources */,
				42C146F3210A7D7100CBBF5E /* Groups.swift in Sources */,
			);
			runOnlyForDeploymentPostprocessing = 0;
		};
/* End PBXSourcesBuildPhase section */

/* Begin PBXVariantGroup section */
		4263163A21063CDB00D45BC8 /* UIOpen.storyboard */ = {
			isa = PBXVariantGroup;
			children = (
				4263163B21063CDB00D45BC8 /* Base */,
			);
			name = UIOpen.storyboard;
			sourceTree = "<group>";
		};
		4263164221063CDD00D45BC8 /* LaunchScreen.storyboard */ = {
			isa = PBXVariantGroup;
			children = (
				4263164321063CDD00D45BC8 /* Base */,
			);
			name = LaunchScreen.storyboard;
			sourceTree = "<group>";
		};
/* End PBXVariantGroup section */

/* Begin XCBuildConfiguration section */
		4263164621063CDD00D45BC8 /* Debug */ = {
			isa = XCBuildConfiguration;
			buildSettings = {
				ALWAYS_SEARCH_USER_PATHS = NO;
				CLANG_ANALYZER_NONNULL = YES;
				CLANG_ANALYZER_NUMBER_OBJECT_CONVERSION = YES_AGGRESSIVE;
				CLANG_CXX_LANGUAGE_STANDARD = "gnu++14";
				CLANG_CXX_LIBRARY = "libc++";
				CLANG_ENABLE_MODULES = YES;
				CLANG_ENABLE_OBJC_ARC = YES;
				CLANG_ENABLE_OBJC_WEAK = YES;
				CLANG_WARN_BLOCK_CAPTURE_AUTORELEASING = YES;
				CLANG_WARN_BOOL_CONVERSION = YES;
				CLANG_WARN_COMMA = YES;
				CLANG_WARN_CONSTANT_CONVERSION = YES;
				CLANG_WARN_DEPRECATED_OBJC_IMPLEMENTATIONS = YES;
				CLANG_WARN_DIRECT_OBJC_ISA_USAGE = YES_ERROR;
				CLANG_WARN_DOCUMENTATION_COMMENTS = YES;
				CLANG_WARN_EMPTY_BODY = YES;
				CLANG_WARN_ENUM_CONVERSION = YES;
				CLANG_WARN_INFINITE_RECURSION = YES;
				CLANG_WARN_INT_CONVERSION = YES;
				CLANG_WARN_NON_LITERAL_NULL_CONVERSION = YES;
				CLANG_WARN_OBJC_IMPLICIT_RETAIN_SELF = YES;
				CLANG_WARN_OBJC_LITERAL_CONVERSION = YES;
				CLANG_WARN_OBJC_ROOT_CLASS = YES_ERROR;
				CLANG_WARN_RANGE_LOOP_ANALYSIS = YES;
				CLANG_WARN_STRICT_PROTOTYPES = YES;
				CLANG_WARN_SUSPICIOUS_MOVE = YES;
				CLANG_WARN_UNGUARDED_AVAILABILITY = YES_AGGRESSIVE;
				CLANG_WARN_UNREACHABLE_CODE = YES;
				CLANG_WARN__DUPLICATE_METHOD_MATCH = YES;
				CODE_SIGN_IDENTITY = "iPhone Developer";
				COPY_PHASE_STRIP = NO;
				DEBUG_INFORMATION_FORMAT = dwarf;
				ENABLE_STRICT_OBJC_MSGSEND = YES;
				ENABLE_TESTABILITY = YES;
				GCC_C_LANGUAGE_STANDARD = gnu11;
				GCC_DYNAMIC_NO_PIC = NO;
				GCC_NO_COMMON_BLOCKS = YES;
				GCC_OPTIMIZATION_LEVEL = 0;
				GCC_PREPROCESSOR_DEFINITIONS = (
					"DEBUG=1",
					"$(inherited)",
				);
				GCC_WARN_64_TO_32_BIT_CONVERSION = YES;
				GCC_WARN_ABOUT_RETURN_TYPE = YES_ERROR;
				GCC_WARN_UNDECLARED_SELECTOR = YES;
				GCC_WARN_UNINITIALIZED_AUTOS = YES_AGGRESSIVE;
				GCC_WARN_UNUSED_FUNCTION = YES;
				GCC_WARN_UNUSED_VARIABLE = YES;
				IPHONEOS_DEPLOYMENT_TARGET = 11.4;
				MTL_ENABLE_DEBUG_INFO = YES;
				ONLY_ACTIVE_ARCH = YES;
				SDKROOT = iphoneos;
				SWIFT_ACTIVE_COMPILATION_CONDITIONS = DEBUG;
				SWIFT_OPTIMIZATION_LEVEL = "-Onone";
			};
			name = Debug;
		};
		4263164721063CDD00D45BC8 /* Release */ = {
			isa = XCBuildConfiguration;
			buildSettings = {
				ALWAYS_SEARCH_USER_PATHS = NO;
				CLANG_ANALYZER_NONNULL = YES;
				CLANG_ANALYZER_NUMBER_OBJECT_CONVERSION = YES_AGGRESSIVE;
				CLANG_CXX_LANGUAGE_STANDARD = "gnu++14";
				CLANG_CXX_LIBRARY = "libc++";
				CLANG_ENABLE_MODULES = YES;
				CLANG_ENABLE_OBJC_ARC = YES;
				CLANG_ENABLE_OBJC_WEAK = YES;
				CLANG_WARN_BLOCK_CAPTURE_AUTORELEASING = YES;
				CLANG_WARN_BOOL_CONVERSION = YES;
				CLANG_WARN_COMMA = YES;
				CLANG_WARN_CONSTANT_CONVERSION = YES;
				CLANG_WARN_DEPRECATED_OBJC_IMPLEMENTATIONS = YES;
				CLANG_WARN_DIRECT_OBJC_ISA_USAGE = YES_ERROR;
				CLANG_WARN_DOCUMENTATION_COMMENTS = YES;
				CLANG_WARN_EMPTY_BODY = YES;
				CLANG_WARN_ENUM_CONVERSION = YES;
				CLANG_WARN_INFINITE_RECURSION = YES;
				CLANG_WARN_INT_CONVERSION = YES;
				CLANG_WARN_NON_LITERAL_NULL_CONVERSION = YES;
				CLANG_WARN_OBJC_IMPLICIT_RETAIN_SELF = YES;
				CLANG_WARN_OBJC_LITERAL_CONVERSION = YES;
				CLANG_WARN_OBJC_ROOT_CLASS = YES_ERROR;
				CLANG_WARN_RANGE_LOOP_ANALYSIS = YES;
				CLANG_WARN_STRICT_PROTOTYPES = YES;
				CLANG_WARN_SUSPICIOUS_MOVE = YES;
				CLANG_WARN_UNGUARDED_AVAILABILITY = YES_AGGRESSIVE;
				CLANG_WARN_UNREACHABLE_CODE = YES;
				CLANG_WARN__DUPLICATE_METHOD_MATCH = YES;
				CODE_SIGN_IDENTITY = "iPhone Developer";
				COPY_PHASE_STRIP = NO;
				DEBUG_INFORMATION_FORMAT = "dwarf-with-dsym";
				ENABLE_NS_ASSERTIONS = NO;
				ENABLE_STRICT_OBJC_MSGSEND = YES;
				GCC_C_LANGUAGE_STANDARD = gnu11;
				GCC_NO_COMMON_BLOCKS = YES;
				GCC_WARN_64_TO_32_BIT_CONVERSION = YES;
				GCC_WARN_ABOUT_RETURN_TYPE = YES_ERROR;
				GCC_WARN_UNDECLARED_SELECTOR = YES;
				GCC_WARN_UNINITIALIZED_AUTOS = YES_AGGRESSIVE;
				GCC_WARN_UNUSED_FUNCTION = YES;
				GCC_WARN_UNUSED_VARIABLE = YES;
				IPHONEOS_DEPLOYMENT_TARGET = 11.4;
				MTL_ENABLE_DEBUG_INFO = NO;
				SDKROOT = iphoneos;
				SWIFT_COMPILATION_MODE = wholemodule;
				SWIFT_OPTIMIZATION_LEVEL = "-O";
				VALIDATE_PRODUCT = YES;
			};
			name = Release;
		};
		4263164921063CDD00D45BC8 /* Debug */ = {
			isa = XCBuildConfiguration;
			baseConfigurationReference = 413F0064F613C9A06F64F3EE /* Pods-CheatSheet.debug.xcconfig */;
			buildSettings = {
				ASSETCATALOG_COMPILER_APPICON_NAME = AppIcon;
				CODE_SIGN_STYLE = Automatic;
				DEVELOPMENT_TEAM = 488H34C2L3;
				INFOPLIST_FILE = "$(SRCROOT)/CheatSheet/Supporting/Info.plist";
				LD_RUNPATH_SEARCH_PATHS = (
					"$(inherited)",
					"@executable_path/Frameworks",
				);
				PRODUCT_BUNDLE_IDENTIFIER = com.ekowbuadu.CheatSheet;
				PRODUCT_NAME = "$(TARGET_NAME)";
				SWIFT_VERSION = 4.0;
				TARGETED_DEVICE_FAMILY = "1,2";
			};
			name = Debug;
		};
		4263164A21063CDD00D45BC8 /* Release */ = {
			isa = XCBuildConfiguration;
			baseConfigurationReference = 516E9ED2309B986CD5B0FC58 /* Pods-CheatSheet.release.xcconfig */;
			buildSettings = {
				ASSETCATALOG_COMPILER_APPICON_NAME = AppIcon;
				CODE_SIGN_STYLE = Automatic;
				DEVELOPMENT_TEAM = 488H34C2L3;
				INFOPLIST_FILE = "$(SRCROOT)/CheatSheet/Supporting/Info.plist";
				LD_RUNPATH_SEARCH_PATHS = (
					"$(inherited)",
					"@executable_path/Frameworks",
				);
				PRODUCT_BUNDLE_IDENTIFIER = com.ekowbuadu.CheatSheet;
				PRODUCT_NAME = "$(TARGET_NAME)";
				SWIFT_VERSION = 4.0;
				TARGETED_DEVICE_FAMILY = "1,2";
			};
			name = Release;
		};
/* End XCBuildConfiguration section */

/* Begin XCConfigurationList section */
		4263162E21063CDA00D45BC8 /* Build configuration list for PBXProject "CheatSheet" */ = {
			isa = XCConfigurationList;
			buildConfigurations = (
				4263164621063CDD00D45BC8 /* Debug */,
				4263164721063CDD00D45BC8 /* Release */,
			);
			defaultConfigurationIsVisible = 0;
			defaultConfigurationName = Release;
		};
		4263164821063CDD00D45BC8 /* Build configuration list for PBXNativeTarget "CheatSheet" */ = {
			isa = XCConfigurationList;
			buildConfigurations = (
				4263164921063CDD00D45BC8 /* Debug */,
				4263164A21063CDD00D45BC8 /* Release */,
			);
			defaultConfigurationIsVisible = 0;
			defaultConfigurationName = Release;
		};
/* End XCConfigurationList section */

/* Begin XCVersionGroup section */
		4263163D21063CDB00D45BC8 /* CheatSheet.xcdatamodeld */ = {
			isa = XCVersionGroup;
			children = (
				4263163E21063CDB00D45BC8 /* CheatSheet.xcdatamodel */,
			);
			currentVersion = 4263163E21063CDB00D45BC8 /* CheatSheet.xcdatamodel */;
			path = CheatSheet.xcdatamodeld;
			sourceTree = "<group>";
			versionGroupType = wrapper.xcdatamodel;
		};
/* End XCVersionGroup section */
	};
	rootObject = 4263162B21063CDA00D45BC8 /* Project object */;
}
